// !$*UTF8*$!
{
	archiveVersion = 1;
	classes = {
	};
	objectVersion = 50;
	objects = {

/* Begin PBXBuildFile section */
		EBA7F0961E856279009EE061 /* AppDelegate.swift in Sources */ = {isa = PBXBuildFile; fileRef = EBA7F0951E856279009EE061 /* AppDelegate.swift */; };
		EBB1976E1E85C5CC0072AF70 /* Unsupported.icns in Resources */ = {isa = PBXBuildFile; fileRef = EBB1976D1E85C5CC0072AF70 /* Unsupported.icns */; };
/* End PBXBuildFile section */

/* Begin PBXFileReference section */
		EBA7F0921E856279009EE061 /* ThisAppDoesNothing.app */ = {isa = PBXFileReference; explicitFileType = wrapper.application; includeInIndex = 0; path = ThisAppDoesNothing.app; sourceTree = BUILT_PRODUCTS_DIR; };
		EBA7F0951E856279009EE061 /* AppDelegate.swift */ = {isa = PBXFileReference; lastKnownFileType = sourcecode.swift; name = AppDelegate.swift; path = Sources/DummyApp/AppDelegate.swift; sourceTree = "<group>"; };
		EBA7F09C1E856279009EE061 /* DummyApp_Info.plist */ = {isa = PBXFileReference; lastKnownFileType = text.plist.xml; name = DummyApp_Info.plist; path = Resources/DummyApp_Info.plist; sourceTree = "<group>"; };
		EBB1976D1E85C5CC0072AF70 /* Unsupported.icns */ = {isa = PBXFileReference; lastKnownFileType = image.icns; name = Unsupported.icns; path = Resources/Unsupported.icns; sourceTree = "<group>"; };
/* End PBXFileReference section */

/* Begin PBXFrameworksBuildPhase section */
		EBA7F08F1E856279009EE061 /* Frameworks */ = {
			isa = PBXFrameworksBuildPhase;
			buildActionMask = 2147483647;
			files = (
			);
			runOnlyForDeploymentPostprocessing = 0;
		};
/* End PBXFrameworksBuildPhase section */

/* Begin PBXGroup section */
		EBA7F0891E856279009EE061 = {
			isa = PBXGroup;
			children = (
				EBB1976D1E85C5CC0072AF70 /* Unsupported.icns */,
				EBA7F0951E856279009EE061 /* AppDelegate.swift */,
				EBA7F09C1E856279009EE061 /* DummyApp_Info.plist */,
				EBA7F0931E856279009EE061 /* Products */,
			);
			sourceTree = "<group>";
		};
		EBA7F0931E856279009EE061 /* Products */ = {
			isa = PBXGroup;
			children = (
				EBA7F0921E856279009EE061 /* ThisAppDoesNothing.app */,
			);
			name = Products;
			sourceTree = "<group>";
		};
/* End PBXGroup section */

/* Begin PBXNativeTarget section */
		EBA7F0911E856279009EE061 /* ThisAppDoesNothing */ = {
			isa = PBXNativeTarget;
			buildConfigurationList = EBA7F09F1E856279009EE061 /* Build configuration list for PBXNativeTarget "ThisAppDoesNothing" */;
			buildPhases = (
				EBA7F08E1E856279009EE061 /* Sources */,
				EBA7F08F1E856279009EE061 /* Frameworks */,
				EBA7F0901E856279009EE061 /* Resources */,
			);
			buildRules = (
			);
			dependencies = (
			);
			name = ThisAppDoesNothing;
			productName = AppDoesNothing;
			productReference = EBA7F0921E856279009EE061 /* ThisAppDoesNothing.app */;
			productType = "com.apple.product-type.application";
		};
/* End PBXNativeTarget section */

/* Begin PBXProject section */
		EBA7F08A1E856279009EE061 /* Project object */ = {
			isa = PBXProject;
			attributes = {
				LastSwiftUpdateCheck = 0820;
				LastUpgradeCheck = 1020;
				ORGANIZATIONNAME = "Gregorio Litenstein Goldzweig";
				TargetAttributes = {
					EBA7F0911E856279009EE061 = {
						CreatedOnToolsVersion = 8.2.1;
						LastSwiftMigration = 1020;
					};
				};
			};
			buildConfigurationList = EBA7F08D1E856279009EE061 /* Build configuration list for PBXProject "AppDoesNothing" */;
			compatibilityVersion = "Xcode 9.3";
			developmentRegion = en;
			hasScannedForEncodings = 0;
			knownRegions = (
				en,
				Base,
			);
			mainGroup = EBA7F0891E856279009EE061;
			productRefGroup = EBA7F0931E856279009EE061 /* Products */;
			projectDirPath = "";
			projectRoot = "";
			targets = (
				EBA7F0911E856279009EE061 /* ThisAppDoesNothing */,
			);
		};
/* End PBXProject section */

/* Begin PBXResourcesBuildPhase section */
		EBA7F0901E856279009EE061 /* Resources */ = {
			isa = PBXResourcesBuildPhase;
			buildActionMask = 2147483647;
			files = (
				EBB1976E1E85C5CC0072AF70 /* Unsupported.icns in Resources */,
			);
			runOnlyForDeploymentPostprocessing = 0;
		};
/* End PBXResourcesBuildPhase section */

/* Begin PBXSourcesBuildPhase section */
		EBA7F08E1E856279009EE061 /* Sources */ = {
			isa = PBXSourcesBuildPhase;
			buildActionMask = 2147483647;
			files = (
				EBA7F0961E856279009EE061 /* AppDelegate.swift in Sources */,
			);
			runOnlyForDeploymentPostprocessing = 0;
		};
/* End PBXSourcesBuildPhase section */

/* Begin XCBuildConfiguration section */
		EBA7F09D1E856279009EE061 /* Debug */ = {
			isa = XCBuildConfiguration;
			buildSettings = {
				ALWAYS_EMBED_SWIFT_STANDARD_LIBRARIES = YES;
				CLANG_ANALYZER_NONNULL = YES;
				CLANG_CXX_LANGUAGE_STANDARD = "gnu++0x";
				CLANG_ENABLE_MODULES = YES;
				CLANG_ENABLE_OBJC_ARC = YES;
				CLANG_WARN_COMMA = YES;
				CLANG_WARN_DEPRECATED_OBJC_IMPLEMENTATIONS = YES;
				CLANG_WARN_DIRECT_OBJC_ISA_USAGE = YES_ERROR;
				CLANG_WARN_DOCUMENTATION_COMMENTS = YES;
				CLANG_WARN_INFINITE_RECURSION = YES;
				CLANG_WARN_OBJC_IMPLICIT_RETAIN_SELF = YES;
				CLANG_WARN_OBJC_ROOT_CLASS = YES_ERROR;
				CLANG_WARN_RANGE_LOOP_ANALYSIS = YES;
				CLANG_WARN_STRICT_PROTOTYPES = YES;
				CLANG_WARN_SUSPICIOUS_MOVE = YES;
				CLANG_WARN_UNREACHABLE_CODE = YES;
				CLANG_WARN__DUPLICATE_METHOD_MATCH = YES;
				DEBUG_INFORMATION_FORMAT = dwarf;
				ENABLE_STRICT_OBJC_MSGSEND = YES;
				ENABLE_TESTABILITY = YES;
				GCC_C_LANGUAGE_STANDARD = gnu99;
				GCC_PREPROCESSOR_DEFINITIONS = (
					"DEBUG=1",
					"$(inherited)",
				);
				GCC_WARN_ABOUT_RETURN_TYPE = YES_ERROR;
				GCC_WARN_UNDECLARED_SELECTOR = YES;
				GCC_WARN_UNINITIALIZED_AUTOS = YES_AGGRESSIVE;
				GCC_WARN_UNUSED_FUNCTION = YES;
				GCC_WARN_UNUSED_VARIABLE = YES;
				LD_RUNPATH_SEARCH_PATHS = (
					"@loader_path/../Frameworks",
					"@executable_path/../Frameworks",
				);
				MACH_O_TYPE = mh_execute;
				MACOSX_DEPLOYMENT_TARGET = 10.12;
				MTL_ENABLE_DEBUG_INFO = YES;
				ONLY_ACTIVE_ARCH = YES;
				SDKROOT = macosx;
				SWIFT_ACTIVE_COMPILATION_CONDITIONS = DEBUG;
				SWIFT_COMPILATION_MODE = singlefile;
				SWIFT_OPTIMIZATION_LEVEL = "-Onone";
				SWIFT_SWIFT3_OBJC_INFERENCE = Off;
				SWIFT_VERSION = 5.0;
			};
			name = Debug;
		};
		EBA7F09E1E856279009EE061 /* Release */ = {
			isa = XCBuildConfiguration;
			buildSettings = {
				ALWAYS_EMBED_SWIFT_STANDARD_LIBRARIES = YES;
				CLANG_ANALYZER_NONNULL = YES;
				CLANG_CXX_LANGUAGE_STANDARD = "gnu++0x";
				CLANG_ENABLE_MODULES = YES;
				CLANG_ENABLE_OBJC_ARC = YES;
				CLANG_WARN_COMMA = YES;
				CLANG_WARN_DEPRECATED_OBJC_IMPLEMENTATIONS = YES;
				CLANG_WARN_DIRECT_OBJC_ISA_USAGE = YES_ERROR;
				CLANG_WARN_DOCUMENTATION_COMMENTS = YES;
				CLANG_WARN_INFINITE_RECURSION = YES;
				CLANG_WARN_OBJC_IMPLICIT_RETAIN_SELF = YES;
				CLANG_WARN_OBJC_ROOT_CLASS = YES_ERROR;
				CLANG_WARN_RANGE_LOOP_ANALYSIS = YES;
				CLANG_WARN_STRICT_PROTOTYPES = YES;
				CLANG_WARN_SUSPICIOUS_MOVE = YES;
				CLANG_WARN_UNREACHABLE_CODE = YES;
				CLANG_WARN__DUPLICATE_METHOD_MATCH = YES;
				DEBUG_INFORMATION_FORMAT = "dwarf-with-dsym";
				ENABLE_NS_ASSERTIONS = NO;
				ENABLE_STRICT_OBJC_MSGSEND = YES;
				GCC_C_LANGUAGE_STANDARD = gnu99;
				GCC_WARN_ABOUT_RETURN_TYPE = YES_ERROR;
				GCC_WARN_UNDECLARED_SELECTOR = YES;
				GCC_WARN_UNINITIALIZED_AUTOS = YES_AGGRESSIVE;
				GCC_WARN_UNUSED_FUNCTION = YES;
				GCC_WARN_UNUSED_VARIABLE = YES;
				LD_RUNPATH_SEARCH_PATHS = (
					"@loader_path/../Frameworks",
					"@executable_path/../Frameworks",
				);
				MACH_O_TYPE = mh_execute;
				MACOSX_DEPLOYMENT_TARGET = 10.12;
				MTL_ENABLE_DEBUG_INFO = NO;
				SDKROOT = macosx;
				SWIFT_COMPILATION_MODE = wholemodule;
				SWIFT_OPTIMIZATION_LEVEL = "-O";
				SWIFT_SWIFT3_OBJC_INFERENCE = Off;
				SWIFT_VERSION = 5.0;
			};
			name = Release;
		};
		EBA7F0A01E856279009EE061 /* Debug */ = {
			isa = XCBuildConfiguration;
			buildSettings = {
				ALWAYS_EMBED_SWIFT_STANDARD_LIBRARIES = YES;
				CODE_SIGN_IDENTITY = "Mac Developer";
				CODE_SIGN_STYLE = Automatic;
				COMBINE_HIDPI_IMAGES = YES;
				DEVELOPMENT_TEAM = 33JDJVTQZT;
				INFOPLIST_FILE = "$(SRCROOT)/Resources/DummyApp_Info.plist";
				PRODUCT_BUNDLE_IDENTIFIER = cl.fail.lordkamina.ThisAppDoesNothing;
				PRODUCT_NAME = "$(TARGET_NAME)";
				PROVISIONING_PROFILE_SPECIFIER = "";
			};
			name = Debug;
		};
		EBA7F0A11E856279009EE061 /* Release */ = {
			isa = XCBuildConfiguration;
			buildSettings = {
				ALWAYS_EMBED_SWIFT_STANDARD_LIBRARIES = YES;
				CODE_SIGN_IDENTITY = "Mac Developer";
				CODE_SIGN_STYLE = Automatic;
				COMBINE_HIDPI_IMAGES = YES;
				DEVELOPMENT_TEAM = 33JDJVTQZT;
				INFOPLIST_FILE = "$(SRCROOT)/Resources/DummyApp_Info.plist";
				PRODUCT_BUNDLE_IDENTIFIER = cl.fail.lordkamina.ThisAppDoesNothing;
				PRODUCT_NAME = "$(TARGET_NAME)";
				PROVISIONING_PROFILE_SPECIFIER = "";
			};
			name = Release;
		};
/* End XCBuildConfiguration section */

/* Begin XCConfigurationList section */
		EBA7F08D1E856279009EE061 /* Build configuration list for PBXProject "AppDoesNothing" */ = {
			isa = XCConfigurationList;
			buildConfigurations = (
				EBA7F09D1E856279009EE061 /* Debug */,
				EBA7F09E1E856279009EE061 /* Release */,
			);
			defaultConfigurationIsVisible = 0;
			defaultConfigurationName = Release;
		};
		EBA7F09F1E856279009EE061 /* Build configuration list for PBXNativeTarget "ThisAppDoesNothing" */ = {
			isa = XCConfigurationList;
			buildConfigurations = (
				EBA7F0A01E856279009EE061 /* Debug */,
				EBA7F0A11E856279009EE061 /* Release */,
			);
			defaultConfigurationIsVisible = 0;
			defaultConfigurationName = Release;
		};
/* End XCConfigurationList section */
	};
	rootObject = EBA7F08A1E856279009EE061 /* Project object */;
}
